
Microsoft Visual Studio Solution File, Format Version 12.00
# Visual Studio Version 16
VisualStudioVersion = 16.0.29215.179
MinimumVisualStudioVersion = 10.0.40219.1
Project("{8BC9CEB8-8B4A-11D0-8D11-00A0C91BC942}") = "ivan12.4", "ivan12.4\ivan12.4.vcxproj", "{9D7A5094-EA48-4583-BF6C-A7A36AFD725D}"
EndProject
Global
	GlobalSection(SolutionConfigurationPlatforms) = preSolution
		Debug|x64 = Debug|x64
		Debug|x86 = Debug|x86
		Release|x64 = Release|x64
		Release|x86 = Release|x86
	EndGlobalSection
	GlobalSection(ProjectConfigurationPlatforms) = postSolution
		{9D7A5094-EA48-4583-BF6C-A7A36AFD725D}.Debug|x64.ActiveCfg = Debug|x64
		{9D7A5094-EA48-4583-BF6C-A7A36AFD725D}.Debug|x64.Build.0 = Debug|x64
		{9D7A5094-EA48-4583-BF6C-A7A36AFD725D}.Debug|x86.ActiveCfg = Debug|Win32
		{9D7A5094-EA48-4583-BF6C-A7A36AFD725D}.Debug|x86.Build.0 = Debug|Win32
		{9D7A5094-EA48-4583-BF6C-A7A36AFD725D}.Release|x64.ActiveCfg = Release|x64
		{9D7A5094-EA48-4583-BF6C-A7A36AFD725D}.Release|x64.Build.0 = Release|x64
		{9D7A5094-EA48-4583-BF6C-A7A36AFD725D}.Release|x86.ActiveCfg = Release|Win32
		{9D7A5094-EA48-4583-BF6C-A7A36AFD725D}.Release|x86.Build.0 = Release|Win32
	EndGlobalSection
	GlobalSection(SolutionProperties) = preSolution
		HideSolutionNode = FALSE
	EndGlobalSection
	GlobalSection(ExtensibilityGlobals) = postSolution
		SolutionGuid = {4535009D-E5ED-4BEF-885F-BD65C3443345}
	EndGlobalSection
EndGlobal
